
Microsoft Visual Studio Solution File, Format Version 12.00
# Visual Studio Version 17
VisualStudioVersion = 17.2.32616.157
MinimumVisualStudioVersion = 10.0.40219.1
Project("{FAE04EC0-301F-11D3-BF4B-00C04F79EFBC}") = "HomeWork_2.7_Task_01-InitAndPrintArgs", "HomeWork_2.7_Task_01-InitAndPrintArgs\HomeWork_2.7_Task_01-InitAndPrintArgs.csproj", "{99F2FC33-0488-49AD-9F88-79DF7B9F3EAD}"
EndProject
Project("{2150E333-8FDC-42A3-9474-1A3956D46DE8}") = "Элементы решения", "Элементы решения", "{DF0BCC1F-CF4A-4E18-BB54-FDF2333A1A80}"
	ProjectSection(SolutionItems) = preProject
		ReadMe.md = ReadMe.md
	EndProjectSection
EndProject
Global
	GlobalSection(SolutionConfigurationPlatforms) = preSolution
		Debug|Any CPU = Debug|Any CPU
		Release|Any CPU = Release|Any CPU
	EndGlobalSection
	GlobalSection(ProjectConfigurationPlatforms) = postSolution
		{99F2FC33-0488-49AD-9F88-79DF7B9F3EAD}.Debug|Any CPU.ActiveCfg = Debug|Any CPU
		{99F2FC33-0488-49AD-9F88-79DF7B9F3EAD}.Debug|Any CPU.Build.0 = Debug|Any CPU
		{99F2FC33-0488-49AD-9F88-79DF7B9F3EAD}.Release|Any CPU.ActiveCfg = Release|Any CPU
		{99F2FC33-0488-49AD-9F88-79DF7B9F3EAD}.Release|Any CPU.Build.0 = Release|Any CPU
	EndGlobalSection
	GlobalSection(SolutionProperties) = preSolution
		HideSolutionNode = FALSE
	EndGlobalSection
	GlobalSection(ExtensibilityGlobals) = postSolution
		SolutionGuid = {22B59CF9-D8C7-4A09-A501-B2BAE4642F43}
	EndGlobalSection
EndGlobal
